{
  "name": "pensar-goat-python",
  "version": "1.0.0",
  "lockfileVersion": 3,
  "requires": true,
  "packages": {
    "": {
      "name": "pensar-goat-python",
      "version": "1.0.0",
      "license": "ISC",
      "dependencies": {
        "express": "^4.17.1",
        "jquery": "^3.5.0",
        "lodash": "^4.17.20",
        "minimist": "^0.0.8",
        "moment": "^2.18.1",
        "serialize-javascript": "^2.1.1"
      "version": "4.17.20",
      "resolved": "https://registry.npmjs.org/lodash/-/lodash-4.17.20.tgz",
      "integrity": "sha512-PlhdFcillOINfeV7Ni6oF1TAEayyZBoZ8bcshTHqOYJYlrqzRK5hagpagky5o4HfCzzd1TRkXPMFq6cKk9rGmA==",
      "license": "MIT"
    },
    "node_modules/minimist": {
      "version": "0.0.8",
      "resolved": "https://registry.npmjs.org/minimist/-/minimist-0.0.8.tgz",
      "integrity": "sha512-miQKw5Hv4NS1Psg2517mV4e4dYNaO3++hjAvLOAzKqZ61rH8NS1SK+vbfBWZ5PY/Me/bEWhUwqMghEW5Fb9T7Q==",
      "license": "MIT"
    },
    "node_modules/moment": {
      "version": "2.18.1",
      "resolved": "https://registry.npmjs.org/moment/-/moment-2.18.1.tgz",
      "integrity": "sha512-QGcnVKRSEhbWy2i0pqFhjWMCczL/YU5ICMB3maUavFcyUqBszRnzsswvOaGOqSfWZ/R+dMnb9gGBuRT4LMTdVQ==",
      "license": "MIT",
      "engines": {
        "node": "*"
      }
    }
  }
}

        "node": ">= 0.10"
      }
    },
    "node_modules/jquery": {
      "version": "3.5.0",
      "resolved": "https://registry.npmjs.org/jquery/-/jquery-3.5.0.tgz",
      "integrity": "sha512-Xb7SVYMvygPxbFMpTFQiHh1J7HClEaThguL15N/Gg37Lri/qKyhRGZYzHRyLH8Stq3Aow0LsHO2O2ci86fCrNQ==",
      "license": "MIT"
    },
    "node_modules/lodash": {
      "version": "4.17.20",