{
  "name": "pensar-goat-python",
  "version": "1.0.0",
  "lockfileVersion": 3,
  "requires": true,
  "packages": {
    "": {
      "name": "pensar-goat-python",
      "version": "1.0.0",
      "license": "ISC",
      "dependencies": {
        "lodash": "^4.17.20",
        "minimist": "^0.2.4",
        "moment": "^2.18.1"
      }
    },
    "node_modules/lodash": {
      "version": "4.17.20",
      "resolved": "https://registry.npmjs.org/lodash/-/lodash-4.17.20.tgz",
      "integrity": "sha512-v2kDEe57lecTulaDIuNTPy3Ry4gLGJ6Z1O3vE1krgXZNrsQ+LFTGHVxVjcXPs17LhbZVGedAJv8XZ1tvj5FvSg==",
      "license": "MIT"
    },
    "node_modules/minimist": {
      "version": "0.2.4",
      "resolved": "https://registry.npmjs.org/minimist/-/minimist-0.2.4.tgz",
      "integrity": "sha512-Pkrrm8NjyQ8yVt8Am9M+yUt74zE3iokhzbG1bFVNjLB92vwM71hf40RkEsryg98BujhVOncKm/C1xROxZ030LQ==",
      "license": "MIT",
      "funding": {
        "url": "https://github.com/sponsors/ljharb"
      }
    },
    "node_modules/moment": {
      "version": "2.18.1",
      "resolved": "https://registry.npmjs.org/moment/-/moment-2.18.1.tgz",
      "integrity": "sha512-QGcnVKRSEhbWy2i0pqFhjWMCczL/YU5ICMB3maUavFcyUqBszRnzsswvOaGOqSfWZ/R+dMnb9gGBuRT4LMTdVQ==",
      "license": "MIT",
      "engines": {
        "node": "*"
      }
    }
  }
}
